# THIS IS AN AUTOGENERATED FILE. DO NOT EDIT THIS FILE DIRECTLY.
# yarn lockfile v1


"@arcgis/core@4.31.6":
  version "4.31.6"
  resolved "https://registry.yarnpkg.com/@arcgis/core/-/core-4.31.6.tgz#978bf9baf4569ab7f65fa06ee78f24f111bae8d4"
  integrity sha512-+NSYtEJy/wRQcEX+f5OHBhg4MX26HeZFYghd7+VMTasalHUAD3y9PPiakLIfhahX/4EiSLuy25m1P93BBlybXg==
  dependencies:
    "@esri/arcgis-html-sanitizer" "~4.1.0-next.4"
    "@esri/calcite-colors" "~6.1.0"
    "@esri/calcite-components" "^2.13.0"
    "@vaadin/grid" "~24.5.0"
    "@zip.js/zip.js" "~2.7.52"
    luxon "~3.5.0"
    marked "~14.1.3"
    sortablejs "~1.15.3"

"@esri/arcgis-html-sanitizer@~4.1.0-next.4":
  version "4.1.0"
  resolved "https://registry.yarnpkg.com/@esri/arcgis-html-sanitizer/-/arcgis-html-sanitizer-4.1.0.tgz#0e68b8a0e56cb8c51b8f06587ef5b6781493b22c"
  integrity sha512-einEveDJ/k1180NOp78PB/4Hje9eBy3dyOGLLtLn6bSkizpUfCwuYBIXOA7Y3F/k/BsTQXgKqUVwQ0eiscWMdA==
  dependencies:
    xss "1.0.13"

"@esri/calcite-colors@~6.1.0":
  version "6.1.0"
  resolved "https://registry.yarnpkg.com/@esri/calcite-colors/-/calcite-colors-6.1.0.tgz#2d75e859a88772d8de91ccae40cbe29b8a4d27b8"
  integrity sha512-wHQYWFtDa6c328EraXEVZvgOiaQyYr0yuaaZ0G3cB4C3lSkWefW34L/e5TLAhtuG3zJ/wR6pl5X1YYNfBc0/4Q==

"@esri/calcite-components@^2.13.0":
  version "2.13.2"
  resolved "https://registry.yarnpkg.com/@esri/calcite-components/-/calcite-components-2.13.2.tgz#009d355949145494f01b44f4a7636581e50b26f9"
  integrity sha512-90v4H8zs2wEzUXQGmZ+joHhP7ulFUHmQjDlIwXylJiDvoChhnEm38iv7eeG+X8im06biIHEDGRB8LLszlQQ7jw==
  dependencies:
    "@esri/calcite-ui-icons" "3.32.0"
    "@floating-ui/dom" "1.6.11"
    "@stencil/core" "4.20.0"
    "@types/color" "3.0.6"
    "@types/sortablejs" "1.15.8"
    color "4.2.3"
    composed-offset-position "0.0.6"
    dayjs "1.11.13"
    focus-trap "7.6.0"
    interactjs "1.10.27"
    lodash-es "4.17.21"
    sortablejs "1.15.3"
    timezone-groups "0.10.2"
    type-fest "4.18.2"

"@esri/calcite-ui-icons@3.32.0":
  version "3.32.0"
  resolved "https://registry.yarnpkg.com/@esri/calcite-ui-icons/-/calcite-ui-icons-3.32.0.tgz#de54f19de18805701b09dcdf4d1f60d5d02546be"
  integrity sha512-2UEddEeSnpXVWp/uNrgym3mrb8lZ5+vXFbtmvXv5NiE32nQGw2MFZD52L5Z+FsxqHJ9vVrtl/X6pTIgkd0c8jA==

"@floating-ui/core@^1.6.0":
  version "1.8.0"
  resolved "https://registry.yarnpkg.com/@floating-ui/core/-/core-1.8.0.tgz#d01c0bbea02e4a57f6fd7d5de6fc2c5c7dca40e1"
  integrity sha512-0CIZ5itps/8x7BG8dEIhs53BvCUH2PCoogtakwRTut+Arm58sJooJ0AuZhLw2HJYIR5cMLNPBSS728sPho2khQ==
  dependencies:
    "@floating-ui/utils" "^0.2.12"

"@floating-ui/dom@1.6.11":
  version "1.6.11"
  resolved "https://registry.yarnpkg.com/@floating-ui/dom/-/dom-1.6.11.tgz#8631857838d34ee5712339eb7cbdfb8ad34da723"
  integrity sha512-qkMCxSR24v2vGkhYDo/UzxfJN3D4syqSjyuTFz6C7XcpU1pASPRieNI0Kj5VP3/503mOfYiGY891ugBX1GlABQ==
  dependencies:
    "@floating-ui/core" "^1.6.0"
    "@floating-ui/utils" "^0.2.8"

"@floating-ui/utils@^0.2.12", "@floating-ui/utils@^0.2.8":
  version "0.2.12"
  resolved "https://registry.yarnpkg.com/@floating-ui/utils/-/utils-0.2.12.tgz#afefe785949f16ac4cdd1e695935a321572dd56a"
  integrity sha512-HpCo8tmWzLVad5s2d19EhAz5zqrrQ6s69qd6moPMQvkOuSwDT1YgRfWSVuc4ennqrgv3OHppiOGMQ7oC13yIww==

"@interactjs/types@1.10.27":
  version "1.10.27"
  resolved "https://registry.yarnpkg.com/@interactjs/types/-/types-1.10.27.tgz#10afd71cef2498e2b5192cf0d46f937d8ceb767f"
  integrity sha512-BUdv0cvs4H5ODuwft2Xp4eL8Vmi3LcihK42z0Ft/FbVJZoRioBsxH+LlsBdK4tAie7PqlKGy+1oyOncu1nQ6eA==

"@lit-labs/ssr-dom-shim@^1.5.0":
  version "1.6.0"
  resolved "https://registry.yarnpkg.com/@lit-labs/ssr-dom-shim/-/ssr-dom-shim-1.6.0.tgz#693e129b809741fd23e98fcb57e41fd3d082db1a"
  integrity sha512-VHb0ALPMTlgKjM6yIxxoQNnpKyUKLD04VzeQdsiXkMqkvYlAHxq9glGLmgbb889/1GsohSOAjvQYoiBppXFqrQ==

"@lit/reactive-element@^2.1.0":
  version "2.1.2"
  resolved "https://registry.yarnpkg.com/@lit/reactive-element/-/reactive-element-2.1.2.tgz#4c6af9042603c98e61ba90b294607904d51b61cb"
  integrity sha512-pbCDiVMnne1lYUIaYNN5wrwQXDtHaYtg7YEFPeW+hws6U47WeFvISGUWekPGKWOP1ygrs0ef0o1VJMk1exos5A==
  dependencies:
    "@lit-labs/ssr-dom-shim" "^1.5.0"

"@open-wc/dedupe-mixin@^1.3.0":
  version "1.4.0"
  resolved "https://registry.yarnpkg.com/@open-wc/dedupe-mixin/-/dedupe-mixin-1.4.0.tgz#b3c58f8699b197bb5e923d624c720e67c9f324d6"
  integrity sha512-Sj7gKl1TLcDbF7B6KUhtvr+1UCxdhMbNY5KxdU5IfMFWqL8oy1ZeAcCANjoB1TL0AJTcPmcCFsCbHf8X2jGDUA==

"@oxc-project/types@=0.146.0":
  version "0.146.0"
  resolved "https://registry.yarnpkg.com/@oxc-project/types/-/types-0.146.0.tgz#d57a2591abbf1f6e50981b07ee24ab269530d87a"
  integrity sha512-XC0QsnnhVe7sLIWmYmdPw7x5P0h4W8vUU3Nv1ySgWXtvCz8NizoAEpGXA0sOYoJQV2Rl13LgURAHQ5cI5ILCSA==

"@oxlint/binding-android-arm-eabi@1.79.0":
  version "1.79.0"
  resolved "https://registry.yarnpkg.com/@oxlint/binding-android-arm-eabi/-/binding-android-arm-eabi-1.79.0.tgz#4b35576fb979d99e49e8b3f733595984ad98cc48"
  integrity sha512-TebFaaMklO/RXzTv7PucaCq9l3X6D1gA+C8H6K4njtjFOV+zWE9MKLpulcJZN9bzytbUbQIY0mZuz12nQ5Kv4Q==

"@oxlint/binding-android-arm64@1.79.0":
  version "1.79.0"
  resolved "https://registry.yarnpkg.com/@oxlint/binding-android-arm64/-/binding-android-arm64-1.79.0.tgz#473aafb62dde4000a5e5ecd20a37970b7e9b4059"
  integrity sha512-KqqnOtAVgNsPPF0YSodkFZA1O80jcKoCZCTu3bgsszxA+MrMP9TLzfXitKjEj1FmrPprKDMdRDMmY3weESO9sg==

"@oxlint/binding-darwin-arm64@1.79.0":
  version "1.79.0"
  resolved "https://registry.yarnpkg.com/@oxlint/binding-darwin-arm64/-/binding-darwin-arm64-1.79.0.tgz#a0865e18c06f04f93e687aa1e363e0a0959af950"
  integrity sha512-BVC2nsMzqQzRDPc5RhixkZ+m1p7iH4bxRRvqkbwDXX0PlQKm1BPy8J8cRjnAFafOq2QzI+BfO3vE8w2GZ3CBag==

"@oxlint/binding-darwin-x64@1.79.0":
  version "1.79.0"
  resolved "https://registry.yarnpkg.com/@oxlint/binding-darwin-x64/-/binding-darwin-x64-1.79.0.tgz#26dcd4222c2a47c2b4f102673fa0ddd273aec6b9"
  integrity sha512-p6Lm+snmhGuLKL1+CpCV8L6ijkE/qJzK2H2jG9+eKJT0n31RbY4FLsdhexekgP3bLpw4Kgde+9DZuDZQ4yIInA==

"@oxlint/binding-freebsd-x64@1.79.0":
  version "1.79.0"
  resolved "https://registry.yarnpkg.com/@oxlint/binding-freebsd-x64/-/binding-freebsd-x64-1.79.0.tgz#e663a17ac9f8bb58ebe610714373515b2eca4071"
  integrity sha512-qDMm0dXZnoHyRqSL4N4xUq82T4sqK5cbKSjvd/dF/YbMUXc2R1wEPf+vmA5S0qUmi0nwXfNbjXBtZaIqzQLIMg==

"@oxlint/binding-linux-arm-gnueabihf@1.79.0":
  version "1.79.0"
  resolved "https://registry.yarnpkg.com/@oxlint/binding-linux-arm-gnueabihf/-/binding-linux-arm-gnueabihf-1.79.0.tgz#a7744f9ab7644b69076449af045258948dfd8265"
  integrity sha512-2od7s0nuKPzqyUZAWk9KkCyGg7eI9dwFPZg+20lB15fKFkVZ0c9ZFxqPfiBAyDTlTkh9stPI0t+JlPCqMbItVA==

"@oxlint/binding-linux-arm-musleabihf@1.79.0":
  version "1.79.0"
  resolved "https://registry.yarnpkg.com/@oxlint/binding-linux-arm-musleabihf/-/binding-linux-arm-musleabihf-1.79.0.tgz#cd1c5e4ded70450180dffea55a33db857e83e9cd"
  integrity sha512-ZOQUjkzDnvlhSE3+tWC3YXx94MMl+sYMlwH+u1+YGApGHOJP/YAc8ZBRFOXZ6eOBmxtXAWuS/fBcdZr8qqNO1A==

"@oxlint/binding-linux-arm64-gnu@1.79.0":
  version "1.79.0"
  resolved "https://registry.yarnpkg.com/@oxlint/binding-linux-arm64-gnu/-/binding-linux-arm64-gnu-1.79.0.tgz#43ad08e312d62b59c958b5707dd8f1c5d81d062e"
  integrity sha512-lu158FR4nGqGeRS3BQvtG85wRgU/Fy4MD5Cxp1hzJXizGiLo6u2742wJSCDKh8cFcZntvX7fcxlq4mMmfryH1g==

"@oxlint/binding-linux-arm64-musl@1.79.0":
  version "1.79.0"
  resolved "https://registry.yarnpkg.com/@oxlint/binding-linux-arm64-musl/-/binding-linux-arm64-musl-1.79.0.tgz#0999da2b0e22e2ca05833365b02428c11b09bc0e"
  integrity sha512-mbpKQeE2aflTjddaHK7MP8KP/OFbUM++lt5M635ENM8IyIdK0jm2t9pb+2v9mVVIvhF6TqA4l7F79Pll1mi+uw==

"@oxlint/binding-linux-ppc64-gnu@1.79.0":
  version "1.79.0"
  resolved "https://registry.yarnpkg.com/@oxlint/binding-linux-ppc64-gnu/-/binding-linux-ppc64-gnu-1.79.0.tgz#fa007c544b91b8dce00b1b5b7e62da32a9ccfe06"
  integrity sha512-WpGNua7gaxaHnpSDeog2ji8IDHn/QLPl9LPzwkR/FvVv58vT5BcXjRXnU+wbu3N75cpeha8CdC7ho/U2OIsB4g==

"@oxlint/binding-linux-riscv64-gnu@1.79.0":
  version "1.79.0"
  resolved "https://registry.yarnpkg.com/@oxlint/binding-linux-riscv64-gnu/-/binding-linux-riscv64-gnu-1.79.0.tgz#a366f8a485c17c262cdf4358e2d3eb97da2b9c1b"
  integrity sha512-tK1E93A5LVzISg4ngpKJnfTs7EqtIUceGI7MQ4GyDjJiLi8wPCkEyKlj2xkyKWZ1yzkDJyLHTBJ5/iFWRdnJvg==

"@oxlint/binding-linux-riscv64-musl@1.79.0":
  version "1.79.0"
  resolved "https://registry.yarnpkg.com/@oxlint/binding-linux-riscv64-musl/-/binding-linux-riscv64-musl-1.79.0.tgz#9712af2165694d97db3890e052e87df1b29a71e4"
  integrity sha512-qhQvUIrngXivA2A9pQ+xPCychztn/5qUv7yS3gDwXv3w7Rag+eTeeXWmRyx+t7XsW5x6LuY/8AsTq36UgFIblg==

"@oxlint/binding-linux-s390x-gnu@1.79.0":
  version "1.79.0"
  resolved "https://registry.yarnpkg.com/@oxlint/binding-linux-s390x-gnu/-/binding-linux-s390x-gnu-1.79.0.tgz#6b29236ab5f9885715c999b05a6e9f01cdeca8b3"
  integrity sha512-sv6AaVgU/eE6u+6WFiQVDcPPwTxP6IJMSB9k701W2r/r6Tx465e8vPvVyRxquNH4Vy6KwRNu90mVbxXJN8+5gg==

"@oxlint/binding-linux-x64-gnu@1.79.0":
  version "1.79.0"
  resolved "https://registry.yarnpkg.com/@oxlint/binding-linux-x64-gnu/-/binding-linux-x64-gnu-1.79.0.tgz#19f2f78359fc0ffacccb89fce98636211b0004dd"
  integrity sha512-iFZL02deziHslb3jEX9KdqlAkYoo4fGyotchKDzdfK1f5mxlIBeiQeHhvK3iFpuEJSB4ma/qeFn9oxPiwnhUPQ==

"@oxlint/binding-linux-x64-musl@1.79.0":
  version "1.79.0"
  resolved "https://registry.yarnpkg.com/@oxlint/binding-linux-x64-musl/-/binding-linux-x64-musl-1.79.0.tgz#6d2af174b37dfff8a812df05542077b98862ee22"
  integrity sha512-3DtZR2raqObnh7wXZoFYFd0Fw7skBvcb3f7A+/lkEiDuh8hrE6vv9b/62Qxao1a9/OeHLw/FcXlXzgsW9wTRFg==

"@oxlint/binding-openharmony-arm64@1.79.0":
  version "1.79.0"
  resolved "https://registry.yarnpkg.com/@oxlint/binding-openharmony-arm64/-/binding-openharmony-arm64-1.79.0.tgz#e9ac828df91e5daa417e3583d0af2b0e580f5121"
  integrity sha512-Oatt4GuA1WJkqzk2ozx4HrWROOi7opV3AKDw/U8qDIqeTqzsjn5K2x3REJMNjU3/KU/Bkq96Zi3CknaiDTaC/Q==

"@oxlint/binding-win32-arm64-msvc@1.79.0":
  version "1.79.0"
  resolved "https://registry.yarnpkg.com/@oxlint/binding-win32-arm64-msvc/-/binding-win32-arm64-msvc-1.79.0.tgz#55fca876505c7472fb14abff11b19fd157d873fd"
  integrity sha512-NAgZr9Qp8nIA9rpo0JEvwiabTF/2UVqBNnupBG9X4kxXcQoScJUTi+qHhvabb9s/thgj5wQ4XcIaJvb+ZMgoKw==

"@oxlint/binding-win32-ia32-msvc@1.79.0":
  version "1.79.0"
  resolved "https://registry.yarnpkg.com/@oxlint/binding-win32-ia32-msvc/-/binding-win32-ia32-msvc-1.79.0.tgz#d8b5413884506956d1f16a83318dd74da39a689a"
  integrity sha512-+KyXjIvcpaXmWW/j9NNY5yWjrIVxaX18VyIheQy3jwc2GSYgpCr7MGI/HxIGQ/shAL5IWEKbhsqoMpAO5Stiog==

"@oxlint/binding-win32-x64-msvc@1.79.0":
  version "1.79.0"
  resolved "https://registry.yarnpkg.com/@oxlint/binding-win32-x64-msvc/-/binding-win32-x64-msvc-1.79.0.tgz#2bd7ec19a8446d53d188580faf7d14d7adcb85b2"
  integrity sha512-mEelcCMMBS57sIXh2veGMNy+pQwuGtcMxHxGIZWQ5Ba9pJ5jCCUFOZB9E2JhBaxGsURe+WGe0zJp4RVre52gpQ==

"@polymer/polymer@^3.0.0":
  version "3.5.2"
  resolved "https://registry.yarnpkg.com/@polymer/polymer/-/polymer-3.5.2.tgz#af0e7e13976df53ace6728e841121c36aca351de"
  integrity sha512-fWwImY/UH4bb2534DVSaX+Azs2yKg8slkMBHOyGeU2kKx7Xmxp6Lee0jP8p6B3d7c1gFUPB2Z976dTUtX81pQA==
  dependencies:
    "@webcomponents/shadycss" "^1.9.1"

"@rolldown/binding-android-arm-eabi@1.2.5":
  version "1.2.5"
  resolved "https://registry.yarnpkg.com/@rolldown/binding-android-arm-eabi/-/binding-android-arm-eabi-1.2.5.tgz#165b80910de7cd33f772d5b7b045b259acb7420c"
  integrity sha512-DLe/i+l8ynIBY7XEQ191TeZvCoowIGa18R+dIV30GW7DiOtp74i/xX8hs8GUjW5ARV7VZuie3d6AumSmCwbeRA==

"@rolldown/binding-android-arm64@1.2.5":
  version "1.2.5"
  resolved "https://registry.yarnpkg.com/@rolldown/binding-android-arm64/-/binding-android-arm64-1.2.5.tgz#5ed74d4b8fa56c68eb1aeb81d0d207a85b6de05c"
  integrity sha512-zXcwKlQApYAOELHd8PwKDFkagYF9Wy4e0RJ+0qnzl9Pjnpj75TEG8ufv40p2J7kCEfwZAsNiuzRIyNNMWT38ig==

"@rolldown/binding-darwin-arm64@1.2.5":
  version "1.2.5"
  resolved "https://registry.yarnpkg.com/@rolldown/binding-darwin-arm64/-/binding-darwin-arm64-1.2.5.tgz#6f27c7060e58ca03061fa7d50f9dc409bc377fe1"
  integrity sha512-dK4QakI42nzWgJT5sm4y4y/O//D4OxM75/cH28RLV+nzIN9AY+YsbuUVrUTjlLjXR6vpyxFbSsbmNuJ6BP9sww==

"@rolldown/binding-darwin-x64@1.2.5":
  version "1.2.5"
  resolved "https://registry.yarnpkg.com/@rolldown/binding-darwin-x64/-/binding-darwin-x64-1.2.5.tgz#74ab897d134ede4072fdc6108f00193e6167ee28"
  integrity sha512-fqSALaUu1Wjd1nK2uW2kJDWdLCc8lx1IcY+MTY26Aurfdx19anlzhqXOgCFbBFQnlFDTn4TC1/7Nz4Bl2mLP3A==

"@rolldown/binding-freebsd-x64@1.2.5":
  version "1.2.5"
  resolved "https://registry.yarnpkg.com/@rolldown/binding-freebsd-x64/-/binding-freebsd-x64-1.2.5.tgz#7d337f9ae4b739674e1938747118ab0676c8ef8a"
  integrity sha512-/vCnNxlkxs9tKxNDcyWUePpJ/PgTzxIaVhoM5SmG8UV+GR/IcPam4VYxi7GIMo7PSDuNqlJqvprqii9NqqVCMw==

"@rolldown/binding-linux-arm-gnueabihf@1.2.5":
  version "1.2.5"
  resolved "https://registry.yarnpkg.com/@rolldown/binding-linux-arm-gnueabihf/-/binding-linux-arm-gnueabihf-1.2.5.tgz#a8195dc1091ade0f912b0613ef6500941e5615f4"
  integrity sha512-abk0NLA519LxRCszmbE0jYKuQ9YPocOXTiOXOo6Yr+YAT95VH+PtqYAjOJvGKt3viEd/x4qzabAlwd5bHOOARg==

"@rolldown/binding-linux-arm64-gnu@1.2.5":
  version "1.2.5"
  resolved "https://registry.yarnpkg.com/@rolldown/binding-linux-arm64-gnu/-/binding-linux-arm64-gnu-1.2.5.tgz#40fbbb97072b1acaa3e0e8fe9774fe524e860bba"
  integrity sha512-Y7eALiJ8lr0M2HH103Js+g7V34wf6snlpZLAsHI90uLhr3PVlNsbFVAXJC9d/V6BnPyKtpSwI+NcB/RLxsQxuA==

"@rolldown/binding-linux-arm64-musl@1.2.5":
  version "1.2.5"
  resolved "https://registry.yarnpkg.com/@rolldown/binding-linux-arm64-musl/-/binding-linux-arm64-musl-1.2.5.tgz#3cfe8b0f7c13de29dace9a9fc6c03081164176ab"
  integrity sha512-xMvZgnbZg4YVnR/AX2b3oOPDTFYJvUVaJg5FedA/LuvexAtXibZQej4cnTkw3rjsJ/ggUROB64TdtETiim+FYA==

"@rolldown/binding-linux-ppc64-gnu@1.2.5":
  version "1.2.5"
  resolved "https://registry.yarnpkg.com/@rolldown/binding-linux-ppc64-gnu/-/binding-linux-ppc64-gnu-1.2.5.tgz#3bd890d96ae29f93718aa142ed0982f2ee2978ad"
  integrity sha512-GRjeqTUDHTo5GwntsLaAMcBahG3nlpjftXWZLN73HiYQlhwEowvarFgQnRnQZtIp4keXX7quXFbG38uPZBa2EA==

"@rolldown/binding-linux-s390x-gnu@1.2.5":
  version "1.2.5"
  resolved "https://registry.yarnpkg.com/@rolldown/binding-linux-s390x-gnu/-/binding-linux-s390x-gnu-1.2.5.tgz#0959a0d5af22741d5787918e27aef70dc8602804"
  integrity sha512-vLNTR45F2Uwc8AufkNXPmB4VliaXs+FvcheEogIzOXzO4l+LzieXF5A/TWxLy5HtqpsRCHUfd0lPVrrdgXdLHQ==

"@rolldown/binding-linux-x64-gnu@1.2.5":
  version "1.2.5"
  resolved "https://registry.yarnpkg.com/@rolldown/binding-linux-x64-gnu/-/binding-linux-x64-gnu-1.2.5.tgz#7baa94e826328ac6f457d9e1abacffa0353e8d22"
  integrity sha512-Mgj59/HTuYeK9Gz2MA+mBWKnHsAgkBSec15ZMb1st3oIfFbX7gCjOae7GydHhzcyQi9Z/7M1QuN9bR3oFqF0jQ==

"@rolldown/binding-linux-x64-musl@1.2.5":
  version "1.2.5"
  resolved "https://registry.yarnpkg.com/@rolldown/binding-linux-x64-musl/-/binding-linux-x64-musl-1.2.5.tgz#5f37597eaf0e22313d1e3d4be7d1be1fd332904e"
  integrity sha512-mY8AP0/ichsbhAxGnLa3d3+MwV0EfgrPND2bplI3Ym8T6R2pJ0N87bvrKVwNXmdy3jnr6eQBecdqx/HMknBmpA==

"@rolldown/binding-openharmony-arm64@1.2.5":
  version "1.2.5"
  resolved "https://registry.yarnpkg.com/@rolldown/binding-openharmony-arm64/-/binding-openharmony-arm64-1.2.5.tgz#d096567af3f738cbe6aa858ab0a01aae9f357ef4"
  integrity sha512-8SLssA2oweAxyRgDp789ACfRb/3P+zNRJpzZxSizxF9m8NUDQ4+3xjo8ttjhVGGw6Qxb70oZiEtIjaKikCO7Yw==

"@rolldown/binding-win32-arm64-msvc@1.2.5":
  version "1.2.5"
  resolved "https://registry.yarnpkg.com/@rolldown/binding-win32-arm64-msvc/-/binding-win32-arm64-msvc-1.2.5.tgz#d53b911aa4e6b547b789c07747fabab2ac8c237d"
  integrity sha512-vGbruD5zquhoc8D9SViXgN2FBJtNdTyQ4DtG+SWiEGlJiAzoKcZ2xp+xuXCffhubVdt0NJlTZqkeRuERy7g8Cw==

"@rolldown/binding-win32-x64-msvc@1.2.5":
  version "1.2.5"
  resolved "https://registry.yarnpkg.com/@rolldown/binding-win32-x64-msvc/-/binding-win32-x64-msvc-1.2.5.tgz#7bbd08cfda6a98de9b756472c772a36ebb7229bc"
  integrity sha512-e/SXpgISz+IoqVcSSI0rx/d/he8zqLex+/rCWpnHpmVfmPIUjag9H6P7zotf0gJHwPUhQxZ/mF8tr6acebT9yw==

"@rolldown/pluginutils@^1.0.0", "@rolldown/pluginutils@^1.0.1":
  version "1.0.1"
  resolved "https://registry.yarnpkg.com/@rolldown/pluginutils/-/pluginutils-1.0.1.tgz#e3fcee093fbb5ce765e1ad088ff4de2889f6f9be"
  integrity sha512-2j9bGt5Jh8hj+vPtgzPtl72j0yRxHAyumoo6TNfAjsLB04UtpSvPbPcDcBMxz7n+9CYB0c1GxQFxYRg2jimqGw==

"@stencil/core@4.20.0":
  version "4.20.0"
  resolved "https://registry.yarnpkg.com/@stencil/core/-/core-4.20.0.tgz#221f2b36ab999891560449b02d6915862c435f49"
  integrity sha512-WPrTHFngvN081RY+dJPneKQLwnOFD60OMCOQGmmSHfCW0f4ujPMzzhwWU1gcSwXPWXz5O+8cBiiCaxAbJU7kAg==

"@types/color-convert@*":
  version "3.0.1"
  resolved "https://registry.yarnpkg.com/@types/color-convert/-/color-convert-3.0.1.tgz#7c3346136fe7423dfe13d4d0cf92d3d7553208c8"
  integrity sha512-Wj7O4Y7tPo/3y9z4K0XRLbLBP2hCHq2vlmLkR0uQDGmLdoUVDmUrXy50ZffMxZKzBpYxFT+4FnDT8xzMlnKRQQ==
  dependencies:
    color-convert "*"

"@types/color@3.0.6":
  version "3.0.6"
  resolved "https://registry.yarnpkg.com/@types/color/-/color-3.0.6.tgz#29c27a99d4de2975e1676712679a0bd7f646a3fb"
  integrity sha512-NMiNcZFRUAiUUCCf7zkAelY8eV3aKqfbzyFQlXpPIEeoNDbsEHGpb854V3gzTsGKYj830I5zPuOwU/TP5/cW6A==
  dependencies:
    "@types/color-convert" "*"

"@types/node@^24.13.3":
  version "24.13.3"
  resolved "https://registry.yarnpkg.com/@types/node/-/node-24.13.3.tgz#49f18bd3c647866dcda51a0756c145e14590ce16"
  integrity sha512-Dh8vAsV36ig5wa9OX4pXvMc9D3Veibfw2wix0CUwYODLD8nkj9UsLjASr49nPg+2eKzxhBV+v7L8pXvT4e639Q==
  dependencies:
    undici-types "~7.18.0"

"@types/react-dom@^19.2.3":
  version "19.2.4"
  resolved "https://registry.yarnpkg.com/@types/react-dom/-/react-dom-19.2.4.tgz#165ab5e97dfb081847b0f6755060cf40a3f6666b"
  integrity sha512-Bsc+QHgp+P/F02XDzNCY9jnZNCUuLki36KT7VKrTXXLdHf+vHMNZnW1rVu5DNW/rCK+fya3DATySbLM4yhtKUw==

"@types/react@^19.2.17":
  version "19.2.18"
  resolved "https://registry.yarnpkg.com/@types/react/-/react-19.2.18.tgz#eb0b6a1fb635d1a9692d5f84a3495bd8ad153707"
  integrity sha512-AnzbBERsrLKtk2XSfTbYRLjQPdy116Sty4q+T+Bp3IC4l6jNBvreVPAHmpq9qhXQM7CXZPjLVmGMw9sy+hxQ3w==
  dependencies:
    csstype "^3.2.2"

"@types/sortablejs@1.15.8":
  version "1.15.8"
  resolved "https://registry.yarnpkg.com/@types/sortablejs/-/sortablejs-1.15.8.tgz#11ed555076046e00869a5ef85d1e7651e7a66ef6"
  integrity sha512-b79830lW+RZfwaztgs1aVPgbasJ8e7AXtZYHTELNXZPsERt4ymJdjV4OccDbHQAvHrCcFpbF78jkm0R6h/pZVg==

"@types/trusted-types@^2.0.2":
  version "2.0.7"
  resolved "https://registry.yarnpkg.com/@types/trusted-types/-/trusted-types-2.0.7.tgz#baccb07a970b91707df3a3e8ba6896c57ead2d11"
  integrity sha512-ScaPdn1dQczgbl0QFTeTOmVHFULt394XJgOQNoyVhZ6r2vLnMLJfBPd53SB52T/3G36VI1/g2MZaX0cwDuXsfw==

"@vaadin/a11y-base@~24.5.12":
  version "24.5.12"
  resolved "https://registry.yarnpkg.com/@vaadin/a11y-base/-/a11y-base-24.5.12.tgz#48dbb5e7c567ece4e70e90ea0d036c1e1f732dd1"
  integrity sha512-NsfkRSi9JYJAVyJRRj7mHQL3E3OpItGvkVSAeiJHjkYMEo6LE0CLfb/JTJz0oyevog4DPCB73X321Golp4fFVw==
  dependencies:
    "@open-wc/dedupe-mixin" "^1.3.0"
    "@polymer/polymer" "^3.0.0"
    "@vaadin/component-base" "~24.5.12"
    lit "^3.0.0"

"@vaadin/checkbox@~24.5.12":
  version "24.5.12"
  resolved "https://registry.yarnpkg.com/@vaadin/checkbox/-/checkbox-24.5.12.tgz#e5b362c6816946f0e8212ecee9da6d7adaa8dee0"
  integrity sha512-+i0DpQXwr3zLqh1yfIjv6l1AaCESqH9kmZPDLxFSsI9gjJgdidN5ash73CpO6YHZd+u9EK2Il4s0/pI1I52bjw==
  dependencies:
    "@open-wc/dedupe-mixin" "^1.3.0"
    "@polymer/polymer" "^3.0.0"
    "@vaadin/a11y-base" "~24.5.12"
    "@vaadin/component-base" "~24.5.12"
    "@vaadin/field-base" "~24.5.12"
    "@vaadin/vaadin-lumo-styles" "~24.5.12"
    "@vaadin/vaadin-material-styles" "~24.5.12"
    "@vaadin/vaadin-themable-mixin" "~24.5.12"
    lit "^3.0.0"

"@vaadin/component-base@~24.5.12":
  version "24.5.12"
  resolved "https://registry.yarnpkg.com/@vaadin/component-base/-/component-base-24.5.12.tgz#90544ddbb9671404aa88fd9541c244585244319e"
  integrity sha512-2ggO/AQCYiUdDR8+07DWRFjK3D8ahb6HWB+QbGDC3nx+240a1PiDzXavaNCj9yK9Z2KXoEoutlkTVoEVHYWxBQ==
  dependencies:
    "@open-wc/dedupe-mixin" "^1.3.0"
    "@polymer/polymer" "^3.0.0"
    "@vaadin/vaadin-development-mode-detector" "^2.0.0"
    "@vaadin/vaadin-usage-statistics" "^2.1.0"
    lit "^3.0.0"

"@vaadin/field-base@~24.5.12":
  version "24.5.12"
  resolved "https://registry.yarnpkg.com/@vaadin/field-base/-/field-base-24.5.12.tgz#eac7ef0b192daf130e129a0908fdb91c66ecf851"
  integrity sha512-cmJmU+RAgvUZiZHxAYPfYE50+w32YOJ32ngmCO8wHz2x9LyMK3QIQx4eOjW5eyj9oIUHmwq+CNqVSxJC4yPENA==
  dependencies:
    "@open-wc/dedupe-mixin" "^1.3.0"
    "@polymer/polymer" "^3.0.0"
    "@vaadin/a11y-base" "~24.5.12"
    "@vaadin/component-base" "~24.5.12"
    lit "^3.0.0"

"@vaadin/grid@~24.5.0":
  version "24.5.12"
  resolved "https://registry.yarnpkg.com/@vaadin/grid/-/grid-24.5.12.tgz#2946241a328d2bc72847f309a7f31c68f11582cb"
  integrity sha512-Q165Vnham0fixnXP0z4DViVOYiAA0soJ5CuAEXJd2OWEDTKHJWdcdnZOs6mYMXKslUZ/ZKYNrR+j/numYHYIKQ==
  dependencies:
    "@open-wc/dedupe-mixin" "^1.3.0"
    "@polymer/polymer" "^3.0.0"
    "@vaadin/a11y-base" "~24.5.12"
    "@vaadin/checkbox" "~24.5.12"
    "@vaadin/component-base" "~24.5.12"
    "@vaadin/lit-renderer" "~24.5.12"
    "@vaadin/text-field" "~24.5.12"
    "@vaadin/vaadin-lumo-styles" "~24.5.12"
    "@vaadin/vaadin-material-styles" "~24.5.12"
    "@vaadin/vaadin-themable-mixin" "~24.5.12"
    lit "^3.0.0"

"@vaadin/icon@~24.5.12":
  version "24.5.12"
  resolved "https://registry.yarnpkg.com/@vaadin/icon/-/icon-24.5.12.tgz#0203f64b57a8e0154e455eec8d49c6d41b4c331e"
  integrity sha512-19u1IbV4Nk89MZknd/JMdMeFXNqjaX3fOttKtSoNNzmhlSHr80kwC2/IAMhBNH+7OGnwS1SyZXuJOGiR6uEV6w==
  dependencies:
    "@open-wc/dedupe-mixin" "^1.3.0"
    "@polymer/polymer" "^3.0.0"
    "@vaadin/component-base" "~24.5.12"
    "@vaadin/vaadin-lumo-styles" "~24.5.12"
    "@vaadin/vaadin-themable-mixin" "~24.5.12"
    lit "^3.0.0"

"@vaadin/input-container@~24.5.12":
  version "24.5.12"
  resolved "https://registry.yarnpkg.com/@vaadin/input-container/-/input-container-24.5.12.tgz#0456640b413cdbe47203145e864f086f6bb46b01"
  integrity sha512-ezfEx/3zawXiFyB388H6cRtmW5rih1h57xdNBRO+Ivy0gMV78mYN9xjC33UMoKrOvo6ntzAHdjSYOrpffx6fUA==
  dependencies:
    "@polymer/polymer" "^3.0.0"
    "@vaadin/component-base" "~24.5.12"
    "@vaadin/vaadin-lumo-styles" "~24.5.12"
    "@vaadin/vaadin-material-styles" "~24.5.12"
    "@vaadin/vaadin-themable-mixin" "~24.5.12"
    lit "^3.0.0"

"@vaadin/lit-renderer@~24.5.12":
  version "24.5.12"
  resolved "https://registry.yarnpkg.com/@vaadin/lit-renderer/-/lit-renderer-24.5.12.tgz#c62927c8080aeb4bc03437109e62e5efbccb34c1"
  integrity sha512-psjBNBetCgEsptQzsSViOupZLu4g0V1obLhG09UzmYj1Q8xEB9p2A7yiUEQoZN9qHbBJrx03TBwdYmUmNzhEJg==
  dependencies:
    lit "^3.0.0"

"@vaadin/text-field@~24.5.12":
  version "24.5.12"
  resolved "https://registry.yarnpkg.com/@vaadin/text-field/-/text-field-24.5.12.tgz#8221b11215cbe14d9776cee507767a8527ee4a96"
  integrity sha512-RREeWZ47gtjadJzyLx5FxG6GCfRPRLzhbQxsRIfoXsQ5EJ56lZjMMS4+SkroqWxt63CMOXHRQbe2zsFxGhm7qg==
  dependencies:
    "@open-wc/dedupe-mixin" "^1.3.0"
    "@polymer/polymer" "^3.0.0"
    "@vaadin/a11y-base" "~24.5.12"
    "@vaadin/component-base" "~24.5.12"
    "@vaadin/field-base" "~24.5.12"
    "@vaadin/input-container" "~24.5.12"
    "@vaadin/vaadin-lumo-styles" "~24.5.12"
    "@vaadin/vaadin-material-styles" "~24.5.12"
    "@vaadin/vaadin-themable-mixin" "~24.5.12"
    lit "^3.0.0"

"@vaadin/vaadin-development-mode-detector@^2.0.0":
  version "2.0.7"
  resolved "https://registry.yarnpkg.com/@vaadin/vaadin-development-mode-detector/-/vaadin-development-mode-detector-2.0.7.tgz#fea2f6c8cd8e16a312a28d5d1acfb5206892a752"
  integrity sha512-9FhVhr0ynSR3X2ao+vaIEttcNU5XfzCbxtmYOV8uIRnUCtNgbvMOIcyGBvntsX9I5kvIP2dV3cFAOG9SILJzEA==

"@vaadin/vaadin-lumo-styles@~24.5.12":
  version "24.5.12"
  resolved "https://registry.yarnpkg.com/@vaadin/vaadin-lumo-styles/-/vaadin-lumo-styles-24.5.12.tgz#cf47c0ccc6be42c7ccc53c160a8f07c966171966"
  integrity sha512-8mQsdUg/OM02TV0h1pjqJ7FDoiumCw1LYoTQB1QQi2QrmUC4nGJOyD4i3JZBeSPrheQ3+Gzb/++x+oueJsyvVQ==
  dependencies:
    "@polymer/polymer" "^3.0.0"
    "@vaadin/component-base" "~24.5.12"
    "@vaadin/icon" "~24.5.12"
    "@vaadin/vaadin-themable-mixin" "~24.5.12"

"@vaadin/vaadin-material-styles@~24.5.12":
  version "24.5.12"
  resolved "https://registry.yarnpkg.com/@vaadin/vaadin-material-styles/-/vaadin-material-styles-24.5.12.tgz#c0f2ce5d4882122a42114482fb51b16e5fd7a7f4"
  integrity sha512-fPd/ORrNV8PdMInM6jHWBfmICdoWRx2er7qY3TsfyCoBBJS6nWzO2gzsQeMZIioLw0NTXyKCeyrBaSXq9ba/jA==
  dependencies:
    "@polymer/polymer" "^3.0.0"
    "@vaadin/component-base" "~24.5.12"
    "@vaadin/vaadin-themable-mixin" "~24.5.12"

"@vaadin/vaadin-themable-mixin@~24.5.12":
  version "24.5.12"
  resolved "https://registry.yarnpkg.com/@vaadin/vaadin-themable-mixin/-/vaadin-themable-mixin-24.5.12.tgz#04b53f0713f6f2621d748f17c18a3c49ce2804ec"
  integrity sha512-m4zVwK23FYE84hMnlPkMvmyeDXoEo+fWYlMj32tXXBJoxb41LcZ4ywEdcz0egAwbLPNKemIrdOINsuk7a63OJg==
  dependencies:
    "@open-wc/dedupe-mixin" "^1.3.0"
    lit "^3.0.0"

"@vaadin/vaadin-usage-statistics@^2.1.0":
  version "2.1.3"
  resolved "https://registry.yarnpkg.com/@vaadin/vaadin-usage-statistics/-/vaadin-usage-statistics-2.1.3.tgz#e75aa5c9d33fbbaf87a5f10ff3148d427bb6da37"
  integrity sha512-8r4TNknD7OJQADe3VygeofFR7UNAXZ2/jjBFP5dgI8+2uMfnuGYgbuHivasKr9WSQ64sPej6m8rDoM1uSllXjQ==
  dependencies:
    "@vaadin/vaadin-development-mode-detector" "^2.0.0"

"@vitejs/plugin-react@^6.0.4":
  version "6.0.5"
  resolved "https://registry.yarnpkg.com/@vitejs/plugin-react/-/plugin-react-6.0.5.tgz#48ee7951093ff9054952cff9d64e874355cde372"
  integrity sha512-BOVzne/NL162sMdResB25mUv+vWMF5NoAjNf09TeGlE7ZpszZWSD3winycicLJw72yeVsoCn/2kOhEuCvEShMA==
  dependencies:
    "@rolldown/pluginutils" "^1.0.1"

"@webcomponents/shadycss@^1.9.1":
  version "1.11.2"
  resolved "https://registry.yarnpkg.com/@webcomponents/shadycss/-/shadycss-1.11.2.tgz#7539b0ad29598aa2eafee8b341059e20ac9e1006"
  integrity sha512-vRq+GniJAYSBmTRnhCYPAPq6THYqovJ/gzGThWbgEZUQaBccndGTi1hdiUP15HzEco0I6t4RCtXyX0rsSmwgPw==

"@zip.js/zip.js@~2.7.52":
  version "2.7.73"
  resolved "https://registry.yarnpkg.com/@zip.js/zip.js/-/zip.js-2.7.73.tgz#56b215ac9fb8511ffb3073d33cd8108f1360a0f9"
  integrity sha512-I2UP8/rdQE5hTtVVL08B7P8XuwXiKuuMUPjNuFOVL/9b+8IsExR9S5jz2H58u0rJjU4M1BikLgqEMG8gZJZVBw==

color-convert@*:
  version "3.1.3"
  resolved "https://registry.yarnpkg.com/color-convert/-/color-convert-3.1.3.tgz#db6627b97181cb8facdfce755ae26f97ab0711f1"
  integrity sha512-fasDH2ont2GqF5HpyO4w0+BcewlhHEZOFn9c1ckZdHpJ56Qb7MHhH/IcJZbBGgvdtwdwNbLvxiBEdg336iA9Sg==
  dependencies:
    color-name "^2.0.0"

color-convert@^2.0.1:
  version "2.0.1"
  resolved "https://registry.yarnpkg.com/color-convert/-/color-convert-2.0.1.tgz#72d3a68d598c9bdb3af2ad1e84f21d896abd4de3"
  integrity sha512-RRECPsj7iu/xb5oKYcsFHSppFNnsj/52OVTRKb4zP5onXwVF3zVmmToNcOfGC+CRDpfK/U584fMg38ZHCaElKQ==
  dependencies:
    color-name "~1.1.4"

color-name@^1.0.0, color-name@~1.1.4:
  version "1.1.4"
  resolved "https://registry.yarnpkg.com/color-name/-/color-name-1.1.4.tgz#c2a09a87acbde69543de6f63fa3995c826c536a2"
  integrity sha512-dOy+3AuW3a2wNbZHIuMZpTcgjGuLU/uBL/ubcZF9OXbDo8ff4O8yVp5Bf0efS8uEoYo5q4Fx7dY9OgQGXgAsQA==

color-name@^2.0.0:
  version "2.1.1"
  resolved "https://registry.yarnpkg.com/color-name/-/color-name-2.1.1.tgz#86c00ec98db36705be5bd4428097f13af1175a6d"
  integrity sha512-p2FdgwVx1a9yWBHP2wI0VgShkDpgN4kZISkxdNipGBJWpa5G6b04OINlVWCyJj0JmfvcPrgqt95E9k8yvaOJFg==

color-string@^1.9.0:
  version "1.9.1"
  resolved "https://registry.yarnpkg.com/color-string/-/color-string-1.9.1.tgz#4467f9146f036f855b764dfb5bf8582bf342c7a4"
  integrity sha512-shrVawQFojnZv6xM40anx4CkoDP+fZsw/ZerEMsW/pyzsRbElpsL/DBVW7q3ExxwusdNXI3lXpuhEZkzs8p5Eg==
  dependencies:
    color-name "^1.0.0"
    simple-swizzle "^0.2.2"

color@4.2.3:
  version "4.2.3"
  resolved "https://registry.yarnpkg.com/color/-/color-4.2.3.tgz#d781ecb5e57224ee43ea9627560107c0e0c6463a"
  integrity sha512-1rXeuUUiGGrykh+CeBdu5Ie7OJwinCgQY0bc7GCRxy5xVHy+moaqkpL/jqQq0MtQOeYcrqEz4abc5f0KtU7W4A==
  dependencies:
    color-convert "^2.0.1"
    color-string "^1.9.0"

commander@^2.20.3:
  version "2.20.3"
  resolved "https://registry.yarnpkg.com/commander/-/commander-2.20.3.tgz#fd485e84c03eb4881c20722ba48035e8531aeb33"
  integrity sha512-GpVkmM8vF2vQUkj2LvZmD35JxeJOLCwJ9cUkugyk2nuhbv3+mJvpLYYt+0+USMxE+oj+ey/lJEnhZw75x/OMcQ==

composed-offset-position@0.0.6:
  version "0.0.6"
  resolved "https://registry.yarnpkg.com/composed-offset-position/-/composed-offset-position-0.0.6.tgz#0b027a880401ed5a9f777f59134ff606b406d0a7"
  integrity sha512-Q7dLompI6lUwd7LWyIcP66r4WcS9u7AL2h8HaeipiRfCRPLMWqRx8fYsjb4OHi6UQFifO7XtNC2IlEJ1ozIFxw==

cssfilter@0.0.10:
  version "0.0.10"
  resolved "https://registry.yarnpkg.com/cssfilter/-/cssfilter-0.0.10.tgz#c6d2672632a2e5c83e013e6864a42ce8defd20ae"
  integrity sha512-FAaLDaplstoRsDR8XGYH51znUN0UY7nMc6Z9/fvE8EXGwvJE9hu7W2vHwx1+bd6gCYnln9nLbzxFTrcO9YQDZw==

csstype@^3.2.2:
  version "3.2.3"
  resolved "https://registry.yarnpkg.com/csstype/-/csstype-3.2.3.tgz#ec48c0f3e993e50648c86da559e2610995cf989a"
  integrity sha512-z1HGKcYy2xA8AGQfwrn0PAy+PB7X/GSj3UVJW9qKyn43xWa+gl5nXmU4qqLMRzWVLFC8KusUX8T/0kCiOYpAIQ==

dayjs@1.11.13:
  version "1.11.13"
  resolved "https://registry.yarnpkg.com/dayjs/-/dayjs-1.11.13.tgz#92430b0139055c3ebb60150aa13e860a4b5a366c"
  integrity sha512-oaMBel6gjolK862uaPQOVTA7q3TZhuSvuMQAAglQDOWYO9A91IrAOUJEyKVlqJlHE0vq5p5UXxzdPfMH/x6xNg==

detect-libc@^2.0.3:
  version "2.1.2"
  resolved "https://registry.yarnpkg.com/detect-libc/-/detect-libc-2.1.2.tgz#689c5dcdc1900ef5583a4cb9f6d7b473742074ad"
  integrity sha512-Btj2BOOO83o3WyH59e8MgXsxEQVcarkUOpEYrubB0urwnN10yQ364rsiByU11nZlqWYZm05i/of7io4mzihBtQ==

fdir@^6.5.0:
  version "6.5.0"
  resolved "https://registry.yarnpkg.com/fdir/-/fdir-6.5.0.tgz#ed2ab967a331ade62f18d077dae192684d50d350"
  integrity sha512-tIbYtZbucOs0BRGqPJkshJUYdL+SDH7dVM8gjy+ERp3WAUjLEFJE+02kanyHtwjWOnwrKYBiwAmM0p4kLJAnXg==

focus-trap@7.6.0:
  version "7.6.0"
  resolved "https://registry.yarnpkg.com/focus-trap/-/focus-trap-7.6.0.tgz#7f3edab8135eaca92ab59b6e963eb5cc42ded715"
  integrity sha512-1td0l3pMkWJLFipobUcGaf+5DTY4PLDDrcqoSaKP8ediO/CoWCCYk/fT/Y2A4e6TNB+Sh6clRJCjOPPnKoNHnQ==
  dependencies:
    tabbable "^6.2.0"

fsevents@~2.3.3:
  version "2.3.3"
  resolved "https://registry.yarnpkg.com/fsevents/-/fsevents-2.3.3.tgz#cac6407785d03675a2a5e1a5305c697b347d90d6"
  integrity sha512-5xoDfX+fL7faATnagmWPpbFtwh/R77WmMMqqHGS65C3vvB0YHrgF+B1YmZ3441tMj5n63k0212XNoJwzlhffQw==

interactjs@1.10.27:
  version "1.10.27"
  resolved "https://registry.yarnpkg.com/interactjs/-/interactjs-1.10.27.tgz#16499aba4987a5ccfdaddca7d1ba7bb1118e14d0"
  integrity sha512-y/8RcCftGAF24gSp76X2JS3XpHiUvDQyhF8i7ujemBz77hwiHDuJzftHx7thY8cxGogwGiPJ+o97kWB6eAXnsA==
  dependencies:
    "@interactjs/types" "1.10.27"

is-arrayish@^0.3.1:
  version "0.3.4"
  resolved "https://registry.yarnpkg.com/is-arrayish/-/is-arrayish-0.3.4.tgz#1ee5553818511915685d33bb13d31bf854e5059d"
  integrity sha512-m6UrgzFVUYawGBh1dUsWR5M2Clqic9RVXC/9f8ceNlv2IcO9j9J/z8UoCLPqtsPBFNzEpfR3xftohbfqDx8EQA==

lightningcss-android-arm64@1.33.0:
  version "1.33.0"
  resolved "https://registry.yarnpkg.com/lightningcss-android-arm64/-/lightningcss-android-arm64-1.33.0.tgz#9a6841f88ae50fc83502903892b41af41bc2b907"
  integrity sha512-gEpRTalKdosp4Bb8qWtc2iOgE5SeIHlpS1up9bFq2wAyYhl1UdTObYiHe98zEM9SQvSoqQZ1IQD0JNpg3Ml5pg==

lightningcss-darwin-arm64@1.33.0:
  version "1.33.0"
  resolved "https://registry.yarnpkg.com/lightningcss-darwin-arm64/-/lightningcss-darwin-arm64-1.33.0.tgz#c0f2c31c0bfd19fa4dd3f18e957a1f1a152097d6"
  integrity sha512-Sciaz8eenNTKn9b3t7+xr0ipTp9YxKQY4npwQ3mrRuL0BAVHBLyZxofhaKBAVtzmtRZ/zTyo0/to4B1uWG/Djg==

lightningcss-darwin-x64@1.33.0:
  version "1.33.0"
  resolved "https://registry.yarnpkg.com/lightningcss-darwin-x64/-/lightningcss-darwin-x64-1.33.0.tgz#cb0705965acb538c6683949ce6925fb3cdf7c361"
  integrity sha512-Z5UPAxzrjlWNNyGy6i65cJzzvgJ5D3T6wMvs+gWpY9d7qRhANrxqAp6LhxIgZhWEw18RfJTGcRxjuLIBr+m8XQ==

lightningcss-freebsd-x64@1.33.0:
  version "1.33.0"
  resolved "https://registry.yarnpkg.com/lightningcss-freebsd-x64/-/lightningcss-freebsd-x64-1.33.0.tgz#763538828b26bab2680dadafcc84ee78b0eb502b"
  integrity sha512-QQM/Ti/hQajJwCY+RiWuCZ9sdtI/XQk7nDK5vC8kkdwixezOlDgvDx7+RT+QjK6FcFT4MpsuoBnHIo/O3StRRg==

lightningcss-linux-arm-gnueabihf@1.33.0:
  version "1.33.0"
  resolved "https://registry.yarnpkg.com/lightningcss-linux-arm-gnueabihf/-/lightningcss-linux-arm-gnueabihf-1.33.0.tgz#6862e3176a331aedbdec1ed352b4d7d0dd0784de"
  integrity sha512-N7FVBe6iS24MlM6R/4RBTxGhQheZGs7tiQ9U32UtF75NzP5Q7xWPRqLBCKxlRQRk3rY1jCIPLzx7WzOhuUIRLQ==

lightningcss-linux-arm64-gnu@1.33.0:
  version "1.33.0"
  resolved "https://registry.yarnpkg.com/lightningcss-linux-arm64-gnu/-/lightningcss-linux-arm64-gnu-1.33.0.tgz#c6a3a2ed15141daf6bdc2628930f8e39bdf473aa"
  integrity sha512-j2v/itmy4HlNxlc6voKXYgBqNi0Ng2LShg4z7GufpEgs05P+2suBVyi9I6YHq5uoVFx9ETin3eCEhLVyXGQnKg==

lightningcss-linux-arm64-musl@1.33.0:
  version "1.33.0"
  resolved "https://registry.yarnpkg.com/lightningcss-linux-arm64-musl/-/lightningcss-linux-arm64-musl-1.33.0.tgz#7fa1334971fc82845f9827df6ef8a0b20914bac6"
  integrity sha512-yiO5ROMuYQgXbC60yjZU5CYSFZGKXL0HFATXt9mHJn1+zW55oCtMI9NfcVhYLMFDL7gV7oBPon/EmMMGg2OvtQ==

lightningcss-linux-x64-gnu@1.33.0:
  version "1.33.0"
  resolved "https://registry.yarnpkg.com/lightningcss-linux-x64-gnu/-/lightningcss-linux-x64-gnu-1.33.0.tgz#8b927862ea8c2bbc6831a46509244b50d9936e55"
  integrity sha512-ar+Ju7LmcN0Jo4FpL4hpFybwNG9/3A/Br5KW2n2jyODg3MEZXaDYADdemoNS+BDNfMgKvylJLj4S5tyRActuAg==

lightningcss-linux-x64-musl@1.33.0:
  version "1.33.0"
  resolved "https://registry.yarnpkg.com/lightningcss-linux-x64-musl/-/lightningcss-linux-x64-musl-1.33.0.tgz#0c525bb077dfd94404c059cfe42dad797e96aeaf"
  integrity sha512-RYiYbkokw0trfKqqzfF55lginwEPrD3OJDfTuJzFs1MK6iFnDenaz1fqLLtX4ITG3OktJQXOeTaw1awrBAlZPw==

lightningcss-win32-arm64-msvc@1.33.0:
  version "1.33.0"
  resolved "https://registry.yarnpkg.com/lightningcss-win32-arm64-msvc/-/lightningcss-win32-arm64-msvc-1.33.0.tgz#850ee1103dac989cfab50e3ac22d1a69e394e63d"
  integrity sha512-1K+MPfLSFVpphzpdbfkhlWk6wBrTObBzS2T6db10PNOZgR9GoVsAWzwNyuhUYYbTp23j+4RrncfujZ4uAzXvwA==

lightningcss-win32-x64-msvc@1.33.0:
  version "1.33.0"
  resolved "https://registry.yarnpkg.com/lightningcss-win32-x64-msvc/-/lightningcss-win32-x64-msvc-1.33.0.tgz#e343ae152eed3609dc6e11949d1a3bf39a1c946f"
  integrity sha512-OlEICDx/Xl0FqSp4bry8zFnCvGpig3Gl4gCquvYwHuqJKEC1+n9NgDniFvqHGmMv1ZkqDJrDqKKSykTDX+ehuA==

lightningcss@^1.33.0:
  version "1.33.0"
  resolved "https://registry.yarnpkg.com/lightningcss/-/lightningcss-1.33.0.tgz#c08867d71a79385c6e190214fd72fef3e5f95f0b"
  integrity sha512-WkUDrojuJs0xkgGf2udWxa3yGBRxPtxUkB79i6aCZLRgc7PM8fZe9TosfPDcvEpQZbuFASnHYmRLBLUbmLOIIA==
  dependencies:
    detect-libc "^2.0.3"
  optionalDependencies:
    lightningcss-android-arm64 "1.33.0"
    lightningcss-darwin-arm64 "1.33.0"
    lightningcss-darwin-x64 "1.33.0"
    lightningcss-freebsd-x64 "1.33.0"
    lightningcss-linux-arm-gnueabihf "1.33.0"
    lightningcss-linux-arm64-gnu "1.33.0"
    lightningcss-linux-arm64-musl "1.33.0"
    lightningcss-linux-x64-gnu "1.33.0"
    lightningcss-linux-x64-musl "1.33.0"
    lightningcss-win32-arm64-msvc "1.33.0"
    lightningcss-win32-x64-msvc "1.33.0"

lit-element@^4.2.0:
  version "4.2.2"
  resolved "https://registry.yarnpkg.com/lit-element/-/lit-element-4.2.2.tgz#f74fcbfbea945eae5614ece22a674fa52ca3365b"
  integrity sha512-aFKhNToWxoyhkNDmWZwEva2SlQia+jfG0fjIWV//YeTaWrVnOxD89dPKfigCUspXFmjzOEUQpOkejH5Ly6sG0w==
  dependencies:
    "@lit-labs/ssr-dom-shim" "^1.5.0"
    "@lit/reactive-element" "^2.1.0"
    lit-html "^3.3.0"

lit-html@^3.3.0:
  version "3.3.3"
  resolved "https://registry.yarnpkg.com/lit-html/-/lit-html-3.3.3.tgz#a63fd02fb8c1c7b7057ee805ab6c612fdebef0b1"
  integrity sha512-el8M6jK2o3RXBnrSHX3ZKrsN8zEV63pSExTO1wYJz7QndGYZ8353e2a5PPX+qHe2aGayfnchQmkAojaWAREOIA==
  dependencies:
    "@types/trusted-types" "^2.0.2"

lit@^3.0.0:
  version "3.3.3"
  resolved "https://registry.yarnpkg.com/lit/-/lit-3.3.3.tgz#93579885e51a20a772c68482a34706fe1636e8f0"
  integrity sha512-fycuvZg/hkpozL00lm1pEJH5nN/lr9ZXd6mJI2HSN4+Bzc+LDNdEApJ6HFbPkdFNHLvOplIIuJvxkS4XUxqirw==
  dependencies:
    "@lit/reactive-element" "^2.1.0"
    lit-element "^4.2.0"
    lit-html "^3.3.0"

lodash-es@4.17.21:
  version "4.17.21"
  resolved "https://registry.yarnpkg.com/lodash-es/-/lodash-es-4.17.21.tgz#43e626c46e6591b7750beb2b50117390c609e3ee"
  integrity sha512-mKnC+QJ9pWVzv+C4/U3rRsHapFfHvQFoFB92e52xeyGMcX6/OlIl78je1u8vePzYZSkkogMPJ2yjxxsb89cxyw==

luxon@~3.5.0:
  version "3.5.0"
  resolved "https://registry.yarnpkg.com/luxon/-/luxon-3.5.0.tgz#6b6f65c5cd1d61d1fd19dbf07ee87a50bf4b8e20"
  integrity sha512-rh+Zjr6DNfUYR3bPwJEnuwDdqMbxZW7LOQfUN4B54+Cl+0o5zaU9RJ6bcidfDtC1cWCZXQ+nvX8bf6bAji37QQ==

marked@~14.1.3:
  version "14.1.4"
  resolved "https://registry.yarnpkg.com/marked/-/marked-14.1.4.tgz#5e348de817bfa35a11e71de7e41dd7c3fdb186a9"
  integrity sha512-vkVZ8ONmUdPnjCKc5uTRvmkRbx4EAi2OkTOXmfTDhZz3OFqMNBM1oTTWwTr4HY4uAEojhzPf+Fy8F1DWa3Sndg==

nanoid@^3.3.17:
  version "3.3.18"
  resolved "https://registry.yarnpkg.com/nanoid/-/nanoid-3.3.18.tgz#f66a2de1199ffde0fcf21c8a5f13106b1c081913"
  integrity sha512-DTg4MJbGMWkfi6VZFdNt2/caMbQy4Ou+Op/hJQvGEWcnVfoA1QA+xzRKAzw9jD6+GVOOeYr/mIcuDSdug6F6+w==

oxlint@^1.75.0:
  version "1.79.0"
  resolved "https://registry.yarnpkg.com/oxlint/-/oxlint-1.79.0.tgz#3d036786f7b878426945ba865f2c7579cf85ed34"
  integrity sha512-hVJ9hq9m2unPS+Of4eJJgCPdIeCC+3DHEUX3tkmrPJr3OK2hz7PhXwgC+ZP71ZcYu8cCDEtQrqLxWNvxBppBVg==
  optionalDependencies:
    "@oxlint/binding-android-arm-eabi" "1.79.0"
    "@oxlint/binding-android-arm64" "1.79.0"
    "@oxlint/binding-darwin-arm64" "1.79.0"
    "@oxlint/binding-darwin-x64" "1.79.0"
    "@oxlint/binding-freebsd-x64" "1.79.0"
    "@oxlint/binding-linux-arm-gnueabihf" "1.79.0"
    "@oxlint/binding-linux-arm-musleabihf" "1.79.0"
    "@oxlint/binding-linux-arm64-gnu" "1.79.0"
    "@oxlint/binding-linux-arm64-musl" "1.79.0"
    "@oxlint/binding-linux-ppc64-gnu" "1.79.0"
    "@oxlint/binding-linux-riscv64-gnu" "1.79.0"
    "@oxlint/binding-linux-riscv64-musl" "1.79.0"
    "@oxlint/binding-linux-s390x-gnu" "1.79.0"
    "@oxlint/binding-linux-x64-gnu" "1.79.0"
    "@oxlint/binding-linux-x64-musl" "1.79.0"
    "@oxlint/binding-openharmony-arm64" "1.79.0"
    "@oxlint/binding-win32-arm64-msvc" "1.79.0"
    "@oxlint/binding-win32-ia32-msvc" "1.79.0"
    "@oxlint/binding-win32-x64-msvc" "1.79.0"

picocolors@^1.1.1:
  version "1.1.1"
  resolved "https://registry.yarnpkg.com/picocolors/-/picocolors-1.1.1.tgz#3d321af3eab939b083c8f929a1d12cda81c26b6b"
  integrity sha512-xceH2snhtb5M9liqDsmEw56le376mTZkEX/jEb/RxNFyegNul7eNslCXP9FDj/Lcu0X8KEyMceP2ntpaHrDEVA==

picomatch@^4.0.4, picomatch@^4.0.5:
  version "4.0.5"
  resolved "https://registry.yarnpkg.com/picomatch/-/picomatch-4.0.5.tgz#51ea57a17d86f605f81039595fbc40ed06a55fab"
  integrity sha512-RvwwcruNjI1ncT5xRakeyS9Lf8lcItv34KD+aif+VH9kduAyfYBipGh12274xtenIPZ119/R9BdTBa8gAwSh0A==

postcss@^8.5.25:
  version "8.5.26"
  resolved "https://registry.yarnpkg.com/postcss/-/postcss-8.5.26.tgz#6e75135780c7e10df3433bf2266c552d35c8c620"
  integrity sha512-u82N74LFzG8ca+dD8puPnplTXoGH4fTPpVGuIbt36G3qvNlkvfD0lEAZSxaly3KX8TS/L1A1gsCEmvKmBcVbkQ==
  dependencies:
    nanoid "^3.3.17"
    picocolors "^1.1.1"
    source-map-js "^1.2.1"

react-dom@^19.2.8:
  version "19.2.8"
  resolved "https://registry.yarnpkg.com/react-dom/-/react-dom-19.2.8.tgz#3b46b9eeda877cdff2cf13d2770fff4ae36c2ec2"
  integrity sha512-rVprimfGBG3DR+Tq0IQG2DT5PxKth1WIGDmj5yPmlzr4YBe7uyE+Du4oVqTDXZSHGGGXRtTJEGSSePyQCMBglQ==
  dependencies:
    scheduler "^0.27.0"

react@^19.2.8:
  version "19.2.8"
  resolved "https://registry.yarnpkg.com/react/-/react-19.2.8.tgz#a80663dbb58d69c6fe3fd291d3cb324e8a7dff2d"
  integrity sha512-PWaYA1L/q9u2u7xYQi+Y3L3Yfnie7XyLeaJICV1MGD6LprsBxcAqGjYyr0eY3p+QdsA+x/Irkt4Qif8D63+Sbw==

rolldown@~1.2.1:
  version "1.2.5"
  resolved "https://registry.yarnpkg.com/rolldown/-/rolldown-1.2.5.tgz#1f504a7d05260a769e617d950410bbb051498c50"
  integrity sha512-VD2IE5PUG4Oj8zz2VGykiYd5wbnjdIiSsNQb8Qu5B+noEp+A78mu2iVvpp27g8es14Tk9rofNs5Tku9iQCS4fA==
  dependencies:
    "@oxc-project/types" "=0.146.0"
    "@rolldown/pluginutils" "^1.0.0"
  optionalDependencies:
    "@rolldown/binding-android-arm-eabi" "1.2.5"
    "@rolldown/binding-android-arm64" "1.2.5"
    "@rolldown/binding-darwin-arm64" "1.2.5"
    "@rolldown/binding-darwin-x64" "1.2.5"
    "@rolldown/binding-freebsd-x64" "1.2.5"
    "@rolldown/binding-linux-arm-gnueabihf" "1.2.5"
    "@rolldown/binding-linux-arm64-gnu" "1.2.5"
    "@rolldown/binding-linux-arm64-musl" "1.2.5"
    "@rolldown/binding-linux-ppc64-gnu" "1.2.5"
    "@rolldown/binding-linux-s390x-gnu" "1.2.5"
    "@rolldown/binding-linux-x64-gnu" "1.2.5"
    "@rolldown/binding-linux-x64-musl" "1.2.5"
    "@rolldown/binding-openharmony-arm64" "1.2.5"
    "@rolldown/binding-win32-arm64-msvc" "1.2.5"
    "@rolldown/binding-win32-x64-msvc" "1.2.5"

scheduler@^0.27.0:
  version "0.27.0"
  resolved "https://registry.yarnpkg.com/scheduler/-/scheduler-0.27.0.tgz#0c4ef82d67d1e5c1e359e8fc76d3a87f045fe5bd"
  integrity sha512-eNv+WrVbKu1f3vbYJT/xtiF5syA5HPIMtf9IgY/nKg0sWqzAUEvqY/xm7OcZc/qafLx/iO9FgOmeSAp4v5ti/Q==

simple-swizzle@^0.2.2:
  version "0.2.4"
  resolved "https://registry.yarnpkg.com/simple-swizzle/-/simple-swizzle-0.2.4.tgz#a8d11a45a11600d6a1ecdff6363329e3648c3667"
  integrity sha512-nAu1WFPQSMNr2Zn9PGSZK9AGn4t/y97lEm+MXTtUDwfP0ksAIX4nO+6ruD9Jwut4C49SB1Ws+fbXsm/yScWOHw==
  dependencies:
    is-arrayish "^0.3.1"

sortablejs@1.15.3:
  version "1.15.3"
  resolved "https://registry.yarnpkg.com/sortablejs/-/sortablejs-1.15.3.tgz#033668db5ebfb11167d1249ab88e748f27959e29"
  integrity sha512-zdK3/kwwAK1cJgy1rwl1YtNTbRmc8qW/+vgXf75A7NHag5of4pyI6uK86ktmQETyWRH7IGaE73uZOOBcGxgqZg==

sortablejs@~1.15.3:
  version "1.15.7"
  resolved "https://registry.yarnpkg.com/sortablejs/-/sortablejs-1.15.7.tgz#83a0bddc472117ee328dea20b2e6f490fed20f86"
  integrity sha512-Kk8wLQPlS+yi1ZEf48a4+fzHa4yxjC30M/Sr2AnQu+f/MPwvvX9XjZ6OWejiz8crBsLwSq8GHqaxaET7u6ux0A==

source-map-js@^1.2.1:
  version "1.2.1"
  resolved "https://registry.yarnpkg.com/source-map-js/-/source-map-js-1.2.1.tgz#1ce5650fddd87abc099eda37dcff024c2667ae46"
  integrity sha512-UXWMKhLOwVKb728IUtQPXxfYU+usdybtUrK/8uGE8CQMvrhOpwvzDBwj0QhSL7MQc7vIsISBG8VQ8+IDQxpfQA==

tabbable@^6.2.0:
  version "6.5.0"
  resolved "https://registry.yarnpkg.com/tabbable/-/tabbable-6.5.0.tgz#a65101385a4fd6cbd580b7546da0170f307b535d"
  integrity sha512-wieBHXygIm7OyQOu5hQlkk62/WyCFYGlWg7L6/ZCUZwx0o398Zkn4pVmMyfYhfMG8kGrj/Krt8eIk6UKC6VzwA==

timezone-groups@0.10.2:
  version "0.10.2"
  resolved "https://registry.yarnpkg.com/timezone-groups/-/timezone-groups-0.10.2.tgz#34afa8dd7049726b286521a47461417162689731"
  integrity sha512-01G9JdlIybA9Njp0wJcGenXKWAw+woWbv6W/oMexWyPs7Nr/S2p2n1NRrMHbHaFzdf+PNNStQp1WILdnAGjYXQ==

tinyglobby@^0.2.17:
  version "0.2.17"
  resolved "https://registry.yarnpkg.com/tinyglobby/-/tinyglobby-0.2.17.tgz#562a9a6c9eb2b3b123d39719f9af5bb44fcd7631"
  integrity sha512-wXR/dYpcqKmfWpEdZjiKJOwCNFndD0DMnrW/cYjVGttEkBfVgcLFHoNrlj47mjOVic9yyNu65alsgF4NQyTa2g==
  dependencies:
    fdir "^6.5.0"
    picomatch "^4.0.4"

type-fest@4.18.2:
  version "4.18.2"
  resolved "https://registry.yarnpkg.com/type-fest/-/type-fest-4.18.2.tgz#8d765c42e7280a11f4d04fb77a00dacc417c8b05"
  integrity sha512-+suCYpfJLAe4OXS6+PPXjW3urOS4IoP9waSiLuXfLgqZODKw/aWwASvzqE886wA0kQgGy0mIWyhd87VpqIy6Xg==

typescript@~6.0.2:
  version "6.0.3"
  resolved "https://registry.yarnpkg.com/typescript/-/typescript-6.0.3.tgz#90251dc007916e972786cb94d74d15b185577d21"
  integrity sha512-y2TvuxSZPDyQakkFRPZHKFm+KKVqIisdg9/CZwm9ftvKXLP8NRWj38/ODjNbr43SsoXqNuAisEf1GdCxqWcdBw==

undici-types@~7.18.0:
  version "7.18.2"
  resolved "https://registry.yarnpkg.com/undici-types/-/undici-types-7.18.2.tgz#29357a89e7b7ca4aef3bf0fd3fd0cd73884229e9"
  integrity sha512-AsuCzffGHJybSaRrmr5eHr81mwJU3kjw6M+uprWvCXiNeN9SOGwQ3Jn8jb8m3Z6izVgknn1R0FTCEAP2QrLY/w==

vite@^8.2.0:
  version "8.2.1"
  resolved "https://registry.yarnpkg.com/vite/-/vite-8.2.1.tgz#6fc8d8bb843bd52353091fac978e194d4de5b31d"
  integrity sha512-EU/eS7BH3XROHh2YnBefjM6DBKA6ZeMZEYQbj7NLWg5wHYlhB8B/Mayd5XsgWq+NFYccDOTemRpdETWR6Ka/lw==
  dependencies:
    lightningcss "^1.33.0"
    picomatch "^4.0.5"
    postcss "^8.5.25"
    rolldown "~1.2.1"
    tinyglobby "^0.2.17"
  optionalDependencies:
    fsevents "~2.3.3"

xss@1.0.13:
  version "1.0.13"
  resolved "https://registry.yarnpkg.com/xss/-/xss-1.0.13.tgz#6e48f616128b39f366dfadc57411e1eb5b341c6c"
  integrity sha512-clu7dxTm1e8Mo5fz3n/oW3UCXBfV89xZ72jM8yzo1vR/pIS0w3sgB3XV2H8Vm6zfGnHL0FzvLJPJEBhd86/z4Q==
  dependencies:
    commander "^2.20.3"
    cssfilter "0.0.10"
